
Microsoft Visual Studio Solution File, Format Version 12.00
# Visual Studio Version 16
VisualStudioVersion = 16.0.29509.3
MinimumVisualStudioVersion = 10.0.40219.1
Project("{FAE04EC0-301F-11D3-BF4B-00C04F79EFBC}") = "TruckpullingDll", "TruckpullingDll\TruckpullingDll.csproj", "{87C6FE35-5888-4F6C-BD9A-E72E281F5815}"
EndProject
Global
	GlobalSection(SolutionConfigurationPlatforms) = preSolution
		Debug|Any CPU = Debug|Any CPU
		Release|Any CPU = Release|Any CPU
	EndGlobalSection
	GlobalSection(ProjectConfigurationPlatforms) = postSolution
		{87C6FE35-5888-4F6C-BD9A-E72E281F5815}.Debug|Any CPU.ActiveCfg = Debug|Any CPU
		{87C6FE35-5888-4F6C-BD9A-E72E281F5815}.Debug|Any CPU.Build.0 = Debug|Any CPU
		{87C6FE35-5888-4F6C-BD9A-E72E281F5815}.Release|Any CPU.ActiveCfg = Release|Any CPU
		{87C6FE35-5888-4F6C-BD9A-E72E281F5815}.Release|Any CPU.Build.0 = Release|Any CPU
	EndGlobalSection
	GlobalSection(SolutionProperties) = preSolution
		HideSolutionNode = FALSE
	EndGlobalSection
	GlobalSection(ExtensibilityGlobals) = postSolution
		SolutionGuid = {9CB1CC19-8DD4-46D2-9B6E-E08066EC4F1D}
	EndGlobalSection
EndGlobal
